
Microsoft Visual Studio Solution File, Format Version 12.00
# Visual Studio Version 17
VisualStudioVersion = 17.10.35201.131
MinimumVisualStudioVersion = 10.0.40219.1
Project("{CC5FD16D-436D-48AD-A40C-5A424C6E3E79}") = "AzureCloudServiceASPNETCore", "AzureCloudServiceASPNETCore\AzureCloudServiceASPNETCore.ccproj", "{A286FB42-72BF-4875-92C9-C8FA7F665DA6}"
EndProject
Project("{FAE04EC0-301F-11D3-BF4B-00C04F79EFBC}") = "WebRole", "WebRole\WebRole.csproj", "{677DD3A7-129B-4026-B840-E381D6E5A606}"
EndProject
Project("{FAE04EC0-301F-11D3-BF4B-00C04F79EFBC}") = "WebRoleCore", "WebRoleCore\WebRoleCore.csproj", "{994FA83A-E426-48B3-83CF-FA2F57B2CACA}"
EndProject
Global
	GlobalSection(SolutionConfigurationPlatforms) = preSolution
		Debug|Any CPU = Debug|Any CPU
		Release|Any CPU = Release|Any CPU
	EndGlobalSection
	GlobalSection(ProjectConfigurationPlatforms) = postSolution
		{A286FB42-72BF-4875-92C9-C8FA7F665DA6}.Debug|Any CPU.ActiveCfg = Debug|Any CPU
		{A286FB42-72BF-4875-92C9-C8FA7F665DA6}.Debug|Any CPU.Build.0 = Debug|Any CPU
		{A286FB42-72BF-4875-92C9-C8FA7F665DA6}.Release|Any CPU.ActiveCfg = Release|Any CPU
		{A286FB42-72BF-4875-92C9-C8FA7F665DA6}.Release|Any CPU.Build.0 = Release|Any CPU
		{677DD3A7-129B-4026-B840-E381D6E5A606}.Debug|Any CPU.ActiveCfg = Debug|Any CPU
		{677DD3A7-129B-4026-B840-E381D6E5A606}.Debug|Any CPU.Build.0 = Debug|Any CPU
		{677DD3A7-129B-4026-B840-E381D6E5A606}.Release|Any CPU.ActiveCfg = Release|Any CPU
		{677DD3A7-129B-4026-B840-E381D6E5A606}.Release|Any CPU.Build.0 = Release|Any CPU
		{994FA83A-E426-48B3-83CF-FA2F57B2CACA}.Debug|Any CPU.ActiveCfg = Debug|Any CPU
		{994FA83A-E426-48B3-83CF-FA2F57B2CACA}.Debug|Any CPU.Build.0 = Debug|Any CPU
		{994FA83A-E426-48B3-83CF-FA2F57B2CACA}.Release|Any CPU.ActiveCfg = Release|Any CPU
		{994FA83A-E426-48B3-83CF-FA2F57B2CACA}.Release|Any CPU.Build.0 = Release|Any CPU
	EndGlobalSection
	GlobalSection(SolutionProperties) = preSolution
		HideSolutionNode = FALSE
	EndGlobalSection
	GlobalSection(ExtensibilityGlobals) = postSolution
		SolutionGuid = {BE0ECBE1-9C51-47E3-8480-FF982FC07ABF}
	EndGlobalSection
EndGlobal
